
Microsoft Visual Studio Solution File, Format Version 12.00
# Visual Studio Version 17
VisualStudioVersion = 17.7.34031.279
MinimumVisualStudioVersion = 10.0.40219.1
Project("{FAE04EC0-301F-11D3-BF4B-00C04F79EFBC}") = "Threading", "Threading\Threading.csproj", "{451B8FD7-391E-48A0-B9AB-D62711BD3D74}"
EndProject
Global
	GlobalSection(SolutionConfigurationPlatforms) = preSolution
		Debug|Any CPU = Debug|Any CPU
		Release|Any CPU = Release|Any CPU
	EndGlobalSection
	GlobalSection(ProjectConfigurationPlatforms) = postSolution
		{451B8FD7-391E-48A0-B9AB-D62711BD3D74}.Debug|Any CPU.ActiveCfg = Debug|Any CPU
		{451B8FD7-391E-48A0-B9AB-D62711BD3D74}.Debug|Any CPU.Build.0 = Debug|Any CPU
		{451B8FD7-391E-48A0-B9AB-D62711BD3D74}.Release|Any CPU.ActiveCfg = Release|Any CPU
		{451B8FD7-391E-48A0-B9AB-D62711BD3D74}.Release|Any CPU.Build.0 = Release|Any CPU
	EndGlobalSection
	GlobalSection(SolutionProperties) = preSolution
		HideSolutionNode = FALSE
	EndGlobalSection
	GlobalSection(ExtensibilityGlobals) = postSolution
		SolutionGuid = {1D849A33-6929-4051-B3DB-80015AD85BE2}
	EndGlobalSection
EndGlobal
